
Microsoft Visual Studio Solution File, Format Version 12.00
# Visual Studio 15
VisualStudioVersion = 15.0.28010.0
MinimumVisualStudioVersion = 10.0.40219.1
Project("{8BC9CEB8-8B4A-11D0-8D11-00A0C91BC942}") = "2DVectorProgram", "2DVectorProgram\2DVectorProgram.vcxproj", "{DF0C40D8-8765-4878-A1A6-AE4F0ED43212}"
EndProject
Global
	GlobalSection(SolutionConfigurationPlatforms) = preSolution
		Debug|x64 = Debug|x64
		Debug|x86 = Debug|x86
		Release|x64 = Release|x64
		Release|x86 = Release|x86
	EndGlobalSection
	GlobalSection(ProjectConfigurationPlatforms) = postSolution
		{DF0C40D8-8765-4878-A1A6-AE4F0ED43212}.Debug|x64.ActiveCfg = Debug|x64
		{DF0C40D8-8765-4878-A1A6-AE4F0ED43212}.Debug|x64.Build.0 = Debug|x64
		{DF0C40D8-8765-4878-A1A6-AE4F0ED43212}.Debug|x86.ActiveCfg = Debug|Win32
		{DF0C40D8-8765-4878-A1A6-AE4F0ED43212}.Debug|x86.Build.0 = Debug|Win32
		{DF0C40D8-8765-4878-A1A6-AE4F0ED43212}.Release|x64.ActiveCfg = Release|x64
		{DF0C40D8-8765-4878-A1A6-AE4F0ED43212}.Release|x64.Build.0 = Release|x64
		{DF0C40D8-8765-4878-A1A6-AE4F0ED43212}.Release|x86.ActiveCfg = Release|Win32
		{DF0C40D8-8765-4878-A1A6-AE4F0ED43212}.Release|x86.Build.0 = Release|Win32
	EndGlobalSection
	GlobalSection(SolutionProperties) = preSolution
		HideSolutionNode = FALSE
	EndGlobalSection
	GlobalSection(ExtensibilityGlobals) = postSolution
		SolutionGuid = {8B5437EC-F687-4535-B014-03F18573403B}
	EndGlobalSection
EndGlobal
